
Microsoft Visual Studio Solution File, Format Version 12.00
# Visual Studio Version 17
VisualStudioVersion = 17.11.35219.272
MinimumVisualStudioVersion = 10.0.40219.1
Project("{FAE04EC0-301F-11D3-BF4B-00C04F79EFBC}") = "MiddlewareExample", "MiddlewareExample\MiddlewareExample.csproj", "{921CE3EE-CF34-44FC-AC55-5FABF470C87D}"
EndProject
Global
	GlobalSection(SolutionConfigurationPlatforms) = preSolution
		Debug|Any CPU = Debug|Any CPU
		Release|Any CPU = Release|Any CPU
	EndGlobalSection
	GlobalSection(ProjectConfigurationPlatforms) = postSolution
		{921CE3EE-CF34-44FC-AC55-5FABF470C87D}.Debug|Any CPU.ActiveCfg = Debug|Any CPU
		{921CE3EE-CF34-44FC-AC55-5FABF470C87D}.Debug|Any CPU.Build.0 = Debug|Any CPU
		{921CE3EE-CF34-44FC-AC55-5FABF470C87D}.Release|Any CPU.ActiveCfg = Release|Any CPU
		{921CE3EE-CF34-44FC-AC55-5FABF470C87D}.Release|Any CPU.Build.0 = Release|Any CPU
	EndGlobalSection
	GlobalSection(SolutionProperties) = preSolution
		HideSolutionNode = FALSE
	EndGlobalSection
	GlobalSection(ExtensibilityGlobals) = postSolution
		SolutionGuid = {E2EF7EE6-0FF7-46ED-9AAA-438359B18F47}
	EndGlobalSection
EndGlobal
