
Microsoft Visual Studio Solution File, Format Version 12.00
# Visual Studio Version 17
VisualStudioVersion = 17.11.35219.272
MinimumVisualStudioVersion = 10.0.40219.1
Project("{9A19103F-16F7-4668-BE54-9A1E7A4F7556}") = "RoutingExample", "RoutingExample\RoutingExample.csproj", "{FAA1C337-76BB-4B1E-AA5B-26015DAE4FC5}"
EndProject
Global
	GlobalSection(SolutionConfigurationPlatforms) = preSolution
		Debug|Any CPU = Debug|Any CPU
		Release|Any CPU = Release|Any CPU
	EndGlobalSection
	GlobalSection(ProjectConfigurationPlatforms) = postSolution
		{FAA1C337-76BB-4B1E-AA5B-26015DAE4FC5}.Debug|Any CPU.ActiveCfg = Debug|Any CPU
		{FAA1C337-76BB-4B1E-AA5B-26015DAE4FC5}.Debug|Any CPU.Build.0 = Debug|Any CPU
		{FAA1C337-76BB-4B1E-AA5B-26015DAE4FC5}.Release|Any CPU.ActiveCfg = Release|Any CPU
		{FAA1C337-76BB-4B1E-AA5B-26015DAE4FC5}.Release|Any CPU.Build.0 = Release|Any CPU
	EndGlobalSection
	GlobalSection(SolutionProperties) = preSolution
		HideSolutionNode = FALSE
	EndGlobalSection
	GlobalSection(ExtensibilityGlobals) = postSolution
		SolutionGuid = {D61A127F-4285-4DC0-BF61-557D0BD7A13D}
	EndGlobalSection
EndGlobal
