
Microsoft Visual Studio Solution File, Format Version 12.00
# Visual Studio Version 17
VisualStudioVersion = 17.11.35219.272
MinimumVisualStudioVersion = 10.0.40219.1
Project("{FAE04EC0-301F-11D3-BF4B-00C04F79EFBC}") = "CalcHttpGet", "CalcHttpGet\CalcHttpGet.csproj", "{FBBFFAE2-84BD-40FA-90AE-3DE88E0C12BC}"
EndProject
Global
	GlobalSection(SolutionConfigurationPlatforms) = preSolution
		Debug|Any CPU = Debug|Any CPU
		Release|Any CPU = Release|Any CPU
	EndGlobalSection
	GlobalSection(ProjectConfigurationPlatforms) = postSolution
		{FBBFFAE2-84BD-40FA-90AE-3DE88E0C12BC}.Debug|Any CPU.ActiveCfg = Debug|Any CPU
		{FBBFFAE2-84BD-40FA-90AE-3DE88E0C12BC}.Debug|Any CPU.Build.0 = Debug|Any CPU
		{FBBFFAE2-84BD-40FA-90AE-3DE88E0C12BC}.Release|Any CPU.ActiveCfg = Release|Any CPU
		{FBBFFAE2-84BD-40FA-90AE-3DE88E0C12BC}.Release|Any CPU.Build.0 = Release|Any CPU
	EndGlobalSection
	GlobalSection(SolutionProperties) = preSolution
		HideSolutionNode = FALSE
	EndGlobalSection
	GlobalSection(ExtensibilityGlobals) = postSolution
		SolutionGuid = {DC8394FE-F0BF-4D78-BFDB-E640C2911116}
	EndGlobalSection
EndGlobal
